{
    "_readme": [
        "This file locks the dependencies of your project to a known state",
        "Read more about it at https://getcomposer.org/doc/01-basic-usage.md#installing-dependencies",
        "This file is @generated automatically"
    ],
    "content-hash": "5c0b5b9f6035d358bde477fdce83bdde",
    "packages": [
        {
            "name": "mikechip/chatapi",
            "version": "2.0.0",
            "source": {
                "type": "git",
                "url": "https://github.com/mikechip/whatsapp-chatapi-sdk.git",
                "reference": "d883ffb2df76167d0a266dd507d9baa82d9cd379"
            },
            "dist": {
                "type": "zip",
                "url": "https://api.github.com/repos/mikechip/whatsapp-chatapi-sdk/zipball/d883ffb2df76167d0a266dd507d9baa82d9cd379",
                "reference": "d883ffb2df76167d0a266dd507d9baa82d9cd379",
                "shasum": ""
            },
            "require": {
                "php": ">=7.0.0"
            },
            "type": "library",
            "autoload": {
                "classmap": [
                    "chatapi.class.php"
                ]
            },
            "notification-url": "https://packagist.org/downloads/",
            "license": [
                "GPL-2.0-or-later"
            ],
            "authors": [
                {
                    "name": "Boris Stelmakh",
                    "email": "mikael.chip@gmail.com"
                }
            ],
            "description": "Simple middleware to work with Chat-API.com",
            "support": {
                "issues": "https://github.com/mikechip/whatsapp-chatapi-sdk/issues",
                "source": "https://github.com/mikechip/whatsapp-chatapi-sdk/tree/master"
            },
            "time": "2019-04-27T06:36:19+00:00"
        },
        {
            "name": "telegram-bot/api",
            "version": "v2.3.22",
            "source": {
                "type": "git",
                "url": "https://github.com/TelegramBot/Api.git",
                "reference": "9a69f82121a5ef0e396c0c3a8be86caefd1376a8"
            },
            "dist": {
                "type": "zip",
                "url": "https://api.github.com/repos/TelegramBot/Api/zipball/9a69f82121a5ef0e396c0c3a8be86caefd1376a8",
                "reference": "9a69f82121a5ef0e396c0c3a8be86caefd1376a8",
                "shasum": ""
            },
            "require": {
                "ext-curl": "*",
                "php": ">=5.5.0"
            },
            "require-dev": {
                "codeception/codeception": "*",
                "phpunit/phpunit": "~4.0",
                "squizlabs/php_codesniffer": "2.*"
            },
            "type": "library",
            "extra": {
                "branch-alias": {
                    "dev-master": "1.0-dev"
                }
            },
            "autoload": {
                "psr-4": {
                    "TelegramBot\\Api\\": "src"
                }
            },
            "notification-url": "https://packagist.org/downloads/",
            "license": [
                "MIT"
            ],
            "authors": [
                {
                    "name": "Ilya Gusev",
                    "email": "mail@igusev.ru",
                    "homepage": "https://php-cat.com",
                    "role": "Developer"
                }
            ],
            "description": "PHP Wrapper for Telegram Bot API",
            "homepage": "https://github.com/TelegramBot/Api",
            "keywords": [
                "bot",
                "bot api",
                "php",
                "telegram"
            ],
            "support": {
                "issues": "https://github.com/TelegramBot/Api/issues",
                "source": "https://github.com/TelegramBot/Api/tree/v2.3.22"
            },
            "time": "2021-03-09T07:49:55+00:00"
        }
    ],
    "packages-dev": [],
    "aliases": [],
    "minimum-stability": "stable",
    "stability-flags": [],
    "prefer-stable": false,
    "prefer-lowest": false,
    "platform": [],
    "platform-dev": [],
    "plugin-api-version": "2.1.0"
}
